dependencies:
- name: common
  repository: https://charts.bitnami.com/bitnami
  version: 1.17.1
- name: airbyte-bootloader
  repository: https://airbytehq.github.io/helm-charts/
  version: 0.49.4
- name: temporal
  repository: https://airbytehq.github.io/helm-charts/
  version: 0.49.4
- name: webapp
  repository: https://airbytehq.github.io/helm-charts/
  version: 0.49.4
- name: server
  repository: https://airbytehq.github.io/helm-charts/
  version: 0.49.4
- name: airbyte-api-server
  repository: oci://public.ecr.aws/prima/charts
  version: 0.49.4
- name: worker
  repository: https://airbytehq.github.io/helm-charts/
  version: 0.49.4
- name: pod-sweeper
  repository: https://airbytehq.github.io/helm-charts/
  version: 0.49.4
- name: metrics
  repository: https://airbytehq.github.io/helm-charts/
  version: 0.49.4
- name: cron
  repository: https://airbytehq.github.io/helm-charts/
  version: 0.49.4
- name: connector-builder-server
  repository: https://airbytehq.github.io/helm-charts/
  version: 0.49.4
- name: keycloak
  repository: https://airbytehq.github.io/helm-charts/
  version: 0.49.4
- name: keycloak-setup
  repository: https://airbytehq.github.io/helm-charts/
  version: 0.49.4
digest: sha256:66a33c9f856ba8c53084d0bc42932c9cf12e84d7473782095e0542d8737bf141
generated: "2023-10-17T10:58:54.505134+02:00"
